
Microsoft Visual Studio Solution File, Format Version 12.00
# Visual Studio Version 17
VisualStudioVersion = 17.0.31903.59
MinimumVisualStudioVersion = 10.0.40219.1
Project("{2150E333-8FDC-42A3-9474-1A3956D46DE8}") = "src", "src", "{827E0CD3-B72D-47B6-A68D-7590B98EB39B}"
EndProject
Project("{FAE04EC0-301F-11D3-BF4B-00C04F79EFBC}") = "GoProcure.Application", "src\GoProcure.Application\GoProcure.Application.csproj", "{5F69E62B-6B75-40E6-A4C8-3B429358106E}"
EndProject
Project("{FAE04EC0-301F-11D3-BF4B-00C04F79EFBC}") = "GoProcure.Domain", "src\GoProcure.Domain\GoProcure.Domain.csproj", "{190356D4-3A29-4B6C-9B85-37DFB5767DF3}"
EndProject
Project("{FAE04EC0-301F-11D3-BF4B-00C04F79EFBC}") = "GoProcure.Infrastructure", "src\GoProcure.Infrastructure\GoProcure.Infrastructure.csproj", "{0F9F44F7-6289-462D-9D99-AF494A4AA233}"
EndProject
Project("{FAE04EC0-301F-11D3-BF4B-00C04F79EFBC}") = "GoProcure.BackgroundJobs", "src\GoProcure.BackgroundJobs\GoProcure.BackgroundJobs.csproj", "{46496825-18BA-4F80-BBCA-803D6BFC6955}"
EndProject
Project("{FAE04EC0-301F-11D3-BF4B-00C04F79EFBC}") = "GoProcure.Contracts", "src\GoProcure.Contracts\GoProcure.Contracts.csproj", "{563379E1-8003-4D6F-A218-071D1D6B25A8}"
EndProject
Project("{2150E333-8FDC-42A3-9474-1A3956D46DE8}") = "tests", "tests", "{0AB3BF05-4346-4AA6-1389-037BE0695223}"
EndProject
Project("{FAE04EC0-301F-11D3-BF4B-00C04F79EFBC}") = "GoProcure.UnitTests", "tests\GoProcure.UnitTests\GoProcure.UnitTests.csproj", "{A0CA6E67-1C45-4045-BBD7-38E1C9567AF1}"
EndProject
Project("{FAE04EC0-301F-11D3-BF4B-00C04F79EFBC}") = "GoProcure.IntegrationTests", "tests\GoProcure.IntegrationTests\GoProcure.IntegrationTests.csproj", "{1AF634FD-382C-4AE2-BE3A-8B9D1B82342C}"
EndProject
Project("{FAE04EC0-301F-11D3-BF4B-00C04F79EFBC}") = "GoProcure.Api", "src\GoProcure.Api\GoProcure.Api.csproj", "{04C355D5-8438-4FF8-8657-CC9BB7A614E6}"
EndProject
Global
	GlobalSection(SolutionConfigurationPlatforms) = preSolution
		Debug|Any CPU = Debug|Any CPU
		Debug|x64 = Debug|x64
		Debug|x86 = Debug|x86
		Release|Any CPU = Release|Any CPU
		Release|x64 = Release|x64
		Release|x86 = Release|x86
	EndGlobalSection
	GlobalSection(ProjectConfigurationPlatforms) = postSolution
		{5F69E62B-6B75-40E6-A4C8-3B429358106E}.Debug|Any CPU.ActiveCfg = Debug|Any CPU
		{5F69E62B-6B75-40E6-A4C8-3B429358106E}.Debug|Any CPU.Build.0 = Debug|Any CPU
		{5F69E62B-6B75-40E6-A4C8-3B429358106E}.Debug|x64.ActiveCfg = Debug|Any CPU
		{5F69E62B-6B75-40E6-A4C8-3B429358106E}.Debug|x64.Build.0 = Debug|Any CPU
		{5F69E62B-6B75-40E6-A4C8-3B429358106E}.Debug|x86.ActiveCfg = Debug|Any CPU
		{5F69E62B-6B75-40E6-A4C8-3B429358106E}.Debug|x86.Build.0 = Debug|Any CPU
		{5F69E62B-6B75-40E6-A4C8-3B429358106E}.Release|Any CPU.ActiveCfg = Release|Any CPU
		{5F69E62B-6B75-40E6-A4C8-3B429358106E}.Release|Any CPU.Build.0 = Release|Any CPU
		{5F69E62B-6B75-40E6-A4C8-3B429358106E}.Release|x64.ActiveCfg = Release|Any CPU
		{5F69E62B-6B75-40E6-A4C8-3B429358106E}.Release|x64.Build.0 = Release|Any CPU
		{5F69E62B-6B75-40E6-A4C8-3B429358106E}.Release|x86.ActiveCfg = Release|Any CPU
		{5F69E62B-6B75-40E6-A4C8-3B429358106E}.Release|x86.Build.0 = Release|Any CPU
		{190356D4-3A29-4B6C-9B85-37DFB5767DF3}.Debug|Any CPU.ActiveCfg = Debug|Any CPU
		{190356D4-3A29-4B6C-9B85-37DFB5767DF3}.Debug|Any CPU.Build.0 = Debug|Any CPU
		{190356D4-3A29-4B6C-9B85-37DFB5767DF3}.Debug|x64.ActiveCfg = Debug|Any CPU
		{190356D4-3A29-4B6C-9B85-37DFB5767DF3}.Debug|x64.Build.0 = Debug|Any CPU
		{190356D4-3A29-4B6C-9B85-37DFB5767DF3}.Debug|x86.ActiveCfg = Debug|Any CPU
		{190356D4-3A29-4B6C-9B85-37DFB5767DF3}.Debug|x86.Build.0 = Debug|Any CPU
		{190356D4-3A29-4B6C-9B85-37DFB5767DF3}.Release|Any CPU.ActiveCfg = Release|Any CPU
		{190356D4-3A29-4B6C-9B85-37DFB5767DF3}.Release|Any CPU.Build.0 = Release|Any CPU
		{190356D4-3A29-4B6C-9B85-37DFB5767DF3}.Release|x64.ActiveCfg = Release|Any CPU
		{190356D4-3A29-4B6C-9B85-37DFB5767DF3}.Release|x64.Build.0 = Release|Any CPU
		{190356D4-3A29-4B6C-9B85-37DFB5767DF3}.Release|x86.ActiveCfg = Release|Any CPU
		{190356D4-3A29-4B6C-9B85-37DFB5767DF3}.Release|x86.Build.0 = Release|Any CPU
		{0F9F44F7-6289-462D-9D99-AF494A4AA233}.Debug|Any CPU.ActiveCfg = Debug|Any CPU
		{0F9F44F7-6289-462D-9D99-AF494A4AA233}.Debug|Any CPU.Build.0 = Debug|Any CPU
		{0F9F44F7-6289-462D-9D99-AF494A4AA233}.Debug|x64.ActiveCfg = Debug|Any CPU
		{0F9F44F7-6289-462D-9D99-AF494A4AA233}.Debug|x64.Build.0 = Debug|Any CPU
		{0F9F44F7-6289-462D-9D99-AF494A4AA233}.Debug|x86.ActiveCfg = Debug|Any CPU
		{0F9F44F7-6289-462D-9D99-AF494A4AA233}.Debug|x86.Build.0 = Debug|Any CPU
		{0F9F44F7-6289-462D-9D99-AF494A4AA233}.Release|Any CPU.ActiveCfg = Release|Any CPU
		{0F9F44F7-6289-462D-9D99-AF494A4AA233}.Release|Any CPU.Build.0 = Release|Any CPU
		{0F9F44F7-6289-462D-9D99-AF494A4AA233}.Release|x64.ActiveCfg = Release|Any CPU
		{0F9F44F7-6289-462D-9D99-AF494A4AA233}.Release|x64.Build.0 = Release|Any CPU
		{0F9F44F7-6289-462D-9D99-AF494A4AA233}.Release|x86.ActiveCfg = Release|Any CPU
		{0F9F44F7-6289-462D-9D99-AF494A4AA233}.Release|x86.Build.0 = Release|Any CPU
		{46496825-18BA-4F80-BBCA-803D6BFC6955}.Debug|Any CPU.ActiveCfg = Debug|Any CPU
		{46496825-18BA-4F80-BBCA-803D6BFC6955}.Debug|Any CPU.Build.0 = Debug|Any CPU
		{46496825-18BA-4F80-BBCA-803D6BFC6955}.Debug|x64.ActiveCfg = Debug|Any CPU
		{46496825-18BA-4F80-BBCA-803D6BFC6955}.Debug|x64.Build.0 = Debug|Any CPU
		{46496825-18BA-4F80-BBCA-803D6BFC6955}.Debug|x86.ActiveCfg = Debug|Any CPU
		{46496825-18BA-4F80-BBCA-803D6BFC6955}.Debug|x86.Build.0 = Debug|Any CPU
		{46496825-18BA-4F80-BBCA-803D6BFC6955}.Release|Any CPU.ActiveCfg = Release|Any CPU
		{46496825-18BA-4F80-BBCA-803D6BFC6955}.Release|Any CPU.Build.0 = Release|Any CPU
		{46496825-18BA-4F80-BBCA-803D6BFC6955}.Release|x64.ActiveCfg = Release|Any CPU
		{46496825-18BA-4F80-BBCA-803D6BFC6955}.Release|x64.Build.0 = Release|Any CPU
		{46496825-18BA-4F80-BBCA-803D6BFC6955}.Release|x86.ActiveCfg = Release|Any CPU
		{46496825-18BA-4F80-BBCA-803D6BFC6955}.Release|x86.Build.0 = Release|Any CPU
		{563379E1-8003-4D6F-A218-071D1D6B25A8}.Debug|Any CPU.ActiveCfg = Debug|Any CPU
		{563379E1-8003-4D6F-A218-071D1D6B25A8}.Debug|Any CPU.Build.0 = Debug|Any CPU
		{563379E1-8003-4D6F-A218-071D1D6B25A8}.Debug|x64.ActiveCfg = Debug|Any CPU
		{563379E1-8003-4D6F-A218-071D1D6B25A8}.Debug|x64.Build.0 = Debug|Any CPU
		{563379E1-8003-4D6F-A218-071D1D6B25A8}.Debug|x86.ActiveCfg = Debug|Any CPU
		{563379E1-8003-4D6F-A218-071D1D6B25A8}.Debug|x86.Build.0 = Debug|Any CPU
		{563379E1-8003-4D6F-A218-071D1D6B25A8}.Release|Any CPU.ActiveCfg = Release|Any CPU
		{563379E1-8003-4D6F-A218-071D1D6B25A8}.Release|Any CPU.Build.0 = Release|Any CPU
		{563379E1-8003-4D6F-A218-071D1D6B25A8}.Release|x64.ActiveCfg = Release|Any CPU
		{563379E1-8003-4D6F-A218-071D1D6B25A8}.Release|x64.Build.0 = Release|Any CPU
		{563379E1-8003-4D6F-A218-071D1D6B25A8}.Release|x86.ActiveCfg = Release|Any CPU
		{563379E1-8003-4D6F-A218-071D1D6B25A8}.Release|x86.Build.0 = Release|Any CPU
		{A0CA6E67-1C45-4045-BBD7-38E1C9567AF1}.Debug|Any CPU.ActiveCfg = Debug|Any CPU
		{A0CA6E67-1C45-4045-BBD7-38E1C9567AF1}.Debug|Any CPU.Build.0 = Debug|Any CPU
		{A0CA6E67-1C45-4045-BBD7-38E1C9567AF1}.Debug|x64.ActiveCfg = Debug|Any CPU
		{A0CA6E67-1C45-4045-BBD7-38E1C9567AF1}.Debug|x64.Build.0 = Debug|Any CPU
		{A0CA6E67-1C45-4045-BBD7-38E1C9567AF1}.Debug|x86.ActiveCfg = Debug|Any CPU
		{A0CA6E67-1C45-4045-BBD7-38E1C9567AF1}.Debug|x86.Build.0 = Debug|Any CPU
		{A0CA6E67-1C45-4045-BBD7-38E1C9567AF1}.Release|Any CPU.ActiveCfg = Release|Any CPU
		{A0CA6E67-1C45-4045-BBD7-38E1C9567AF1}.Release|Any CPU.Build.0 = Release|Any CPU
		{A0CA6E67-1C45-4045-BBD7-38E1C9567AF1}.Release|x64.ActiveCfg = Release|Any CPU
		{A0CA6E67-1C45-4045-BBD7-38E1C9567AF1}.Release|x64.Build.0 = Release|Any CPU
		{A0CA6E67-1C45-4045-BBD7-38E1C9567AF1}.Release|x86.ActiveCfg = Release|Any CPU
		{A0CA6E67-1C45-4045-BBD7-38E1C9567AF1}.Release|x86.Build.0 = Release|Any CPU
		{1AF634FD-382C-4AE2-BE3A-8B9D1B82342C}.Debug|Any CPU.ActiveCfg = Debug|Any CPU
		{1AF634FD-382C-4AE2-BE3A-8B9D1B82342C}.Debug|Any CPU.Build.0 = Debug|Any CPU
		{1AF634FD-382C-4AE2-BE3A-8B9D1B82342C}.Debug|x64.ActiveCfg = Debug|Any CPU
		{1AF634FD-382C-4AE2-BE3A-8B9D1B82342C}.Debug|x64.Build.0 = Debug|Any CPU
		{1AF634FD-382C-4AE2-BE3A-8B9D1B82342C}.Debug|x86.ActiveCfg = Debug|Any CPU
		{1AF634FD-382C-4AE2-BE3A-8B9D1B82342C}.Debug|x86.Build.0 = Debug|Any CPU
		{1AF634FD-382C-4AE2-BE3A-8B9D1B82342C}.Release|Any CPU.ActiveCfg = Release|Any CPU
		{1AF634FD-382C-4AE2-BE3A-8B9D1B82342C}.Release|Any CPU.Build.0 = Release|Any CPU
		{1AF634FD-382C-4AE2-BE3A-8B9D1B82342C}.Release|x64.ActiveCfg = Release|Any CPU
		{1AF634FD-382C-4AE2-BE3A-8B9D1B82342C}.Release|x64.Build.0 = Release|Any CPU
		{1AF634FD-382C-4AE2-BE3A-8B9D1B82342C}.Release|x86.ActiveCfg = Release|Any CPU
		{1AF634FD-382C-4AE2-BE3A-8B9D1B82342C}.Release|x86.Build.0 = Release|Any CPU
		{04C355D5-8438-4FF8-8657-CC9BB7A614E6}.Debug|Any CPU.ActiveCfg = Debug|Any CPU
		{04C355D5-8438-4FF8-8657-CC9BB7A614E6}.Debug|Any CPU.Build.0 = Debug|Any CPU
		{04C355D5-8438-4FF8-8657-CC9BB7A614E6}.Debug|x64.ActiveCfg = Debug|Any CPU
		{04C355D5-8438-4FF8-8657-CC9BB7A614E6}.Debug|x64.Build.0 = Debug|Any CPU
		{04C355D5-8438-4FF8-8657-CC9BB7A614E6}.Debug|x86.ActiveCfg = Debug|Any CPU
		{04C355D5-8438-4FF8-8657-CC9BB7A614E6}.Debug|x86.Build.0 = Debug|Any CPU
		{04C355D5-8438-4FF8-8657-CC9BB7A614E6}.Release|Any CPU.ActiveCfg = Release|Any CPU
		{04C355D5-8438-4FF8-8657-CC9BB7A614E6}.Release|Any CPU.Build.0 = Release|Any CPU
		{04C355D5-8438-4FF8-8657-CC9BB7A614E6}.Release|x64.ActiveCfg = Release|Any CPU
		{04C355D5-8438-4FF8-8657-CC9BB7A614E6}.Release|x64.Build.0 = Release|Any CPU
		{04C355D5-8438-4FF8-8657-CC9BB7A614E6}.Release|x86.ActiveCfg = Release|Any CPU
		{04C355D5-8438-4FF8-8657-CC9BB7A614E6}.Release|x86.Build.0 = Release|Any CPU
	EndGlobalSection
	GlobalSection(SolutionProperties) = preSolution
		HideSolutionNode = FALSE
	EndGlobalSection
	GlobalSection(NestedProjects) = preSolution
		{5F69E62B-6B75-40E6-A4C8-3B429358106E} = {827E0CD3-B72D-47B6-A68D-7590B98EB39B}
		{190356D4-3A29-4B6C-9B85-37DFB5767DF3} = {827E0CD3-B72D-47B6-A68D-7590B98EB39B}
		{0F9F44F7-6289-462D-9D99-AF494A4AA233} = {827E0CD3-B72D-47B6-A68D-7590B98EB39B}
		{46496825-18BA-4F80-BBCA-803D6BFC6955} = {827E0CD3-B72D-47B6-A68D-7590B98EB39B}
		{563379E1-8003-4D6F-A218-071D1D6B25A8} = {827E0CD3-B72D-47B6-A68D-7590B98EB39B}
		{A0CA6E67-1C45-4045-BBD7-38E1C9567AF1} = {0AB3BF05-4346-4AA6-1389-037BE0695223}
		{1AF634FD-382C-4AE2-BE3A-8B9D1B82342C} = {0AB3BF05-4346-4AA6-1389-037BE0695223}
		{04C355D5-8438-4FF8-8657-CC9BB7A614E6} = {827E0CD3-B72D-47B6-A68D-7590B98EB39B}
	EndGlobalSection
	GlobalSection(ExtensibilityGlobals) = postSolution
		SolutionGuid = {99341517-BF7D-454B-8EE9-9817F0335212}
	EndGlobalSection
EndGlobal
